
Microsoft Visual Studio Solution File, Format Version 12.00
# Visual Studio Version 17
VisualStudioVersion = 17.0.31612.314
MinimumVisualStudioVersion = 10.0.40219.1
Project("{FAE04EC0-301F-11D3-BF4B-00C04F79EFBC}") = "HRMangament", "HRMangament\HRMangament.csproj", "{4CC86E29-9307-4154-8ACB-BD0DAFB631C7}"
EndProject
Global
	GlobalSection(SolutionConfigurationPlatforms) = preSolution
		Debug|Any CPU = Debug|Any CPU
		Release|Any CPU = Release|Any CPU
	EndGlobalSection
	GlobalSection(ProjectConfigurationPlatforms) = postSolution
		{4CC86E29-9307-4154-8ACB-BD0DAFB631C7}.Debug|Any CPU.ActiveCfg = Debug|Any CPU
		{4CC86E29-9307-4154-8ACB-BD0DAFB631C7}.Debug|Any CPU.Build.0 = Debug|Any CPU
		{4CC86E29-9307-4154-8ACB-BD0DAFB631C7}.Release|Any CPU.ActiveCfg = Release|Any CPU
		{4CC86E29-9307-4154-8ACB-BD0DAFB631C7}.Release|Any CPU.Build.0 = Release|Any CPU
	EndGlobalSection
	GlobalSection(SolutionProperties) = preSolution
		HideSolutionNode = FALSE
	EndGlobalSection
	GlobalSection(ExtensibilityGlobals) = postSolution
		SolutionGuid = {D1A72507-14E1-4C09-B151-FF06E38A330E}
	EndGlobalSection
EndGlobal
